
Microsoft Visual Studio Solution File, Format Version 12.00
# Visual Studio 15
VisualStudioVersion = 15.0.28010.2036
MinimumVisualStudioVersion = 10.0.40219.1
Project("{FAE04EC0-301F-11D3-BF4B-00C04F79EFBC}") = "Game", "Game\Game.csproj", "{1144BAF7-B552-4374-972C-FDD1C5E2B769}"
EndProject
Project("{FAE04EC0-301F-11D3-BF4B-00C04F79EFBC}") = "Game.Tests", "Game.Tests\Game.Tests.csproj", "{7B71FD47-A34C-4331-838C-EE5462260F0E}"
EndProject
Global
	GlobalSection(SolutionConfigurationPlatforms) = preSolution
		Debug|Any CPU = Debug|Any CPU
		Release|Any CPU = Release|Any CPU
	EndGlobalSection
	GlobalSection(ProjectConfigurationPlatforms) = postSolution
		{1144BAF7-B552-4374-972C-FDD1C5E2B769}.Debug|Any CPU.ActiveCfg = Debug|Any CPU
		{1144BAF7-B552-4374-972C-FDD1C5E2B769}.Debug|Any CPU.Build.0 = Debug|Any CPU
		{1144BAF7-B552-4374-972C-FDD1C5E2B769}.Release|Any CPU.ActiveCfg = Release|Any CPU
		{1144BAF7-B552-4374-972C-FDD1C5E2B769}.Release|Any CPU.Build.0 = Release|Any CPU
		{7B71FD47-A34C-4331-838C-EE5462260F0E}.Debug|Any CPU.ActiveCfg = Debug|Any CPU
		{7B71FD47-A34C-4331-838C-EE5462260F0E}.Debug|Any CPU.Build.0 = Debug|Any CPU
		{7B71FD47-A34C-4331-838C-EE5462260F0E}.Release|Any CPU.ActiveCfg = Release|Any CPU
		{7B71FD47-A34C-4331-838C-EE5462260F0E}.Release|Any CPU.Build.0 = Release|Any CPU
	EndGlobalSection
	GlobalSection(SolutionProperties) = preSolution
		HideSolutionNode = FALSE
	EndGlobalSection
	GlobalSection(ExtensibilityGlobals) = postSolution
		SolutionGuid = {950770C2-8C52-4578-AF1F-559F76792BA9}
	EndGlobalSection
EndGlobal
